
Microsoft Visual Studio Solution File, Format Version 11.00
# Visual Studio 2010
Project("{FAE04EC0-301F-11D3-BF4B-00C04F79EFBC}") = "Hybrid", "Hybrid\Hybrid.csproj", "{EF689564-1C0B-47F4-820B-1A2E407A6092}"
EndProject
Global
	GlobalSection(SolutionConfigurationPlatforms) = preSolution
		Debug|Any CPU = Debug|Any CPU
		Release|Any CPU = Release|Any CPU
	EndGlobalSection
	GlobalSection(ProjectConfigurationPlatforms) = postSolution
		{EF689564-1C0B-47F4-820B-1A2E407A6092}.Debug|Any CPU.ActiveCfg = Debug|Any CPU
		{EF689564-1C0B-47F4-820B-1A2E407A6092}.Debug|Any CPU.Build.0 = Debug|Any CPU
		{EF689564-1C0B-47F4-820B-1A2E407A6092}.Release|Any CPU.ActiveCfg = Release|Any CPU
		{EF689564-1C0B-47F4-820B-1A2E407A6092}.Release|Any CPU.Build.0 = Release|Any CPU
	EndGlobalSection
	GlobalSection(SolutionProperties) = preSolution
		HideSolutionNode = FALSE
	EndGlobalSection
EndGlobal
