
Microsoft Visual Studio Solution File, Format Version 11.00
# Visual Studio 2010
Project("{FAE04EC0-301F-11D3-BF4B-00C04F79EFBC}") = "MyLibrary", "MyLibrary\MyLibrary.csproj", "{B72C56B6-979E-40FE-A4DC-4BE09A778720}"
EndProject
Global
	GlobalSection(SolutionConfigurationPlatforms) = preSolution
		Debug|Any CPU = Debug|Any CPU
		Release|Any CPU = Release|Any CPU
	EndGlobalSection
	GlobalSection(ProjectConfigurationPlatforms) = postSolution
		{B72C56B6-979E-40FE-A4DC-4BE09A778720}.Debug|Any CPU.ActiveCfg = Debug|Any CPU
		{B72C56B6-979E-40FE-A4DC-4BE09A778720}.Debug|Any CPU.Build.0 = Debug|Any CPU
		{B72C56B6-979E-40FE-A4DC-4BE09A778720}.Release|Any CPU.ActiveCfg = Release|Any CPU
		{B72C56B6-979E-40FE-A4DC-4BE09A778720}.Release|Any CPU.Build.0 = Release|Any CPU
	EndGlobalSection
	GlobalSection(SolutionProperties) = preSolution
		HideSolutionNode = FALSE
	EndGlobalSection
EndGlobal
