
Microsoft Visual Studio Solution File, Format Version 11.00
# Visual Studio 2010
Project("{FAE04EC0-301F-11D3-BF4B-00C04F79EFBC}") = "Prac1d1", "Prac1d1\Prac1d1.csproj", "{122436A4-40F3-406B-A17E-7F68AB2B415C}"
EndProject
Global
	GlobalSection(SolutionConfigurationPlatforms) = preSolution
		Debug|Any CPU = Debug|Any CPU
		Release|Any CPU = Release|Any CPU
	EndGlobalSection
	GlobalSection(ProjectConfigurationPlatforms) = postSolution
		{122436A4-40F3-406B-A17E-7F68AB2B415C}.Debug|Any CPU.ActiveCfg = Debug|Any CPU
		{122436A4-40F3-406B-A17E-7F68AB2B415C}.Debug|Any CPU.Build.0 = Debug|Any CPU
		{122436A4-40F3-406B-A17E-7F68AB2B415C}.Release|Any CPU.ActiveCfg = Release|Any CPU
		{122436A4-40F3-406B-A17E-7F68AB2B415C}.Release|Any CPU.Build.0 = Release|Any CPU
	EndGlobalSection
	GlobalSection(SolutionProperties) = preSolution
		HideSolutionNode = FALSE
	EndGlobalSection
EndGlobal
